
Microsoft Visual Studio Solution File, Format Version 12.00
# Visual Studio 15
VisualStudioVersion = 15.0.26124.0
MinimumVisualStudioVersion = 15.0.26124.0
Project("{2150E333-8FDC-42A3-9474-1A3956D46DE8}") = "DIKUArcade", "DIKUArcade", "{5E0A82F4-6177-4C10-AF16-624E22A70235}"
EndProject
Project("{FAE04EC0-301F-11D3-BF4B-00C04F79EFBC}") = "DIKUArcade", "DIKUArcade\DIKUArcade\DIKUArcade.csproj", "{A0E3770A-06D4-4398-AE69-D4A1416CEF79}"
EndProject
Project("{2150E333-8FDC-42A3-9474-1A3956D46DE8}") = "galaga", "galaga", "{B7F4F637-20DF-47EB-A301-A59B38C5CC32}"
EndProject
Project("{FAE04EC0-301F-11D3-BF4B-00C04F79EFBC}") = "galagaTests", "galaga\galagaTests\galagaTests.csproj", "{546C0B53-63A2-4596-8E2A-32DC69379172}"
EndProject
Global
	GlobalSection(SolutionConfigurationPlatforms) = preSolution
		Debug|Any CPU = Debug|Any CPU
		Debug|x64 = Debug|x64
		Debug|x86 = Debug|x86
		Release|Any CPU = Release|Any CPU
		Release|x64 = Release|x64
		Release|x86 = Release|x86
	EndGlobalSection
	GlobalSection(SolutionProperties) = preSolution
		HideSolutionNode = FALSE
	EndGlobalSection
	GlobalSection(ProjectConfigurationPlatforms) = postSolution
		{A0E3770A-06D4-4398-AE69-D4A1416CEF79}.Debug|Any CPU.ActiveCfg = Debug|Any CPU
		{A0E3770A-06D4-4398-AE69-D4A1416CEF79}.Debug|Any CPU.Build.0 = Debug|Any CPU
		{A0E3770A-06D4-4398-AE69-D4A1416CEF79}.Debug|x64.ActiveCfg = Debug|Any CPU
		{A0E3770A-06D4-4398-AE69-D4A1416CEF79}.Debug|x64.Build.0 = Debug|Any CPU
		{A0E3770A-06D4-4398-AE69-D4A1416CEF79}.Debug|x86.ActiveCfg = Debug|Any CPU
		{A0E3770A-06D4-4398-AE69-D4A1416CEF79}.Debug|x86.Build.0 = Debug|Any CPU
		{A0E3770A-06D4-4398-AE69-D4A1416CEF79}.Release|Any CPU.ActiveCfg = Release|Any CPU
		{A0E3770A-06D4-4398-AE69-D4A1416CEF79}.Release|Any CPU.Build.0 = Release|Any CPU
		{A0E3770A-06D4-4398-AE69-D4A1416CEF79}.Release|x64.ActiveCfg = Release|Any CPU
		{A0E3770A-06D4-4398-AE69-D4A1416CEF79}.Release|x64.Build.0 = Release|Any CPU
		{A0E3770A-06D4-4398-AE69-D4A1416CEF79}.Release|x86.ActiveCfg = Release|Any CPU
		{A0E3770A-06D4-4398-AE69-D4A1416CEF79}.Release|x86.Build.0 = Release|Any CPU
		{546C0B53-63A2-4596-8E2A-32DC69379172}.Debug|Any CPU.ActiveCfg = Debug|Any CPU
		{546C0B53-63A2-4596-8E2A-32DC69379172}.Debug|Any CPU.Build.0 = Debug|Any CPU
		{546C0B53-63A2-4596-8E2A-32DC69379172}.Debug|x64.ActiveCfg = Debug|Any CPU
		{546C0B53-63A2-4596-8E2A-32DC69379172}.Debug|x64.Build.0 = Debug|Any CPU
		{546C0B53-63A2-4596-8E2A-32DC69379172}.Debug|x86.ActiveCfg = Debug|Any CPU
		{546C0B53-63A2-4596-8E2A-32DC69379172}.Debug|x86.Build.0 = Debug|Any CPU
		{546C0B53-63A2-4596-8E2A-32DC69379172}.Release|Any CPU.ActiveCfg = Release|Any CPU
		{546C0B53-63A2-4596-8E2A-32DC69379172}.Release|Any CPU.Build.0 = Release|Any CPU
		{546C0B53-63A2-4596-8E2A-32DC69379172}.Release|x64.ActiveCfg = Release|Any CPU
		{546C0B53-63A2-4596-8E2A-32DC69379172}.Release|x64.Build.0 = Release|Any CPU
		{546C0B53-63A2-4596-8E2A-32DC69379172}.Release|x86.ActiveCfg = Release|Any CPU
		{546C0B53-63A2-4596-8E2A-32DC69379172}.Release|x86.Build.0 = Release|Any CPU
	EndGlobalSection
	GlobalSection(NestedProjects) = preSolution
		{A0E3770A-06D4-4398-AE69-D4A1416CEF79} = {5E0A82F4-6177-4C10-AF16-624E22A70235}
		{546C0B53-63A2-4596-8E2A-32DC69379172} = {B7F4F637-20DF-47EB-A301-A59B38C5CC32}
	EndGlobalSection
EndGlobal
